<?xml version="1.0" encoding="utf-8"?>
<Project ToolsVersion="4.0" xmlns="http://schemas.microsoft.com/developer/msbuild/2003">
  <ItemGroup>
    <Filter Include="Source Files">
      <UniqueIdentifier>{4FC737F1-C7A5-4376-A066-2A32D752A2FF}</UniqueIdentifier>
      <Extensions>cpp;c;cc;cxx;def;odl;idl;hpj;bat;asm;asmx</Extensions>
    </Filter>
    <Filter Include="Header Files">
      <UniqueIdentifier>{93995380-89BD-4b04-88EB-625FBE52EBFB}</UniqueIdentifier>
      <Extensions>h;hh;hpp;hxx;hm;inl;inc;xsd</Extensions>
    </Filter>
    <Filter Include="Resource Files">
      <UniqueIdentifier>{D9D6E242-F8AF-46E4-B9FD-80ECBC20BA3E}</UniqueIdentifier>
      <Extensions>qrc;*</Extensions>
      <ParseFiles>false</ParseFiles>
    </Filter>
    <Filter Include="Form Files">
      <UniqueIdentifier>{99349809-55BA-4b9d-BF79-8FDBB0286EB3}</UniqueIdentifier>
      <Extensions>ui</Extensions>
    </Filter>
    <Filter Include="Resource Files">
      <UniqueIdentifier>{D9D6E242-F8AF-46E4-B9FD-80ECBC20BA3E}</UniqueIdentifier>
      <Extensions>qrc;*</Extensions>
      <ParseFiles>false</ParseFiles>
    </Filter>
    <Filter Include="Generated Files">
      <UniqueIdentifier>{71ED8ED8-ACB9-4CE9-BBE1-E00B30144E11}</UniqueIdentifier>
      <Extensions>moc;h;cpp</Extensions>
      <SourceControlFiles>False</SourceControlFiles>
    </Filter>
  </ItemGroup>
  <ItemGroup>
    <QtMoc Include="CodingConversion\include\candidate\CandidateFilterWidget.h">
      <Filter>Header Files</Filter>
    </QtMoc>
    <QtMoc Include="CodingConversion\include\candidate\CandidateToolWidget.h">
      <Filter>Header Files</Filter>
    </QtMoc>
    <QtMoc Include="CodingConversion\include\custom\CustomTitleBar.h">
      <Filter>Header Files</Filter>
    </QtMoc>
    <QtMoc Include="CodingConversion\include\custom\CustomWidget.h">
      <Filter>Header Files</Filter>
    </QtMoc>
    <QtMoc Include="CodingConversion\include\mainWindow\CandidateWidget.h">
      <Filter>Header Files</Filter>
    </QtMoc>
    <QtMoc Include="CodingConversion\include\mainWindow\MainWindow.h">
      <Filter>Header Files</Filter>
    </QtMoc>
    <QtMoc Include="CodingConversion\include\mainWindow\ProcessingWidget.h">
      <Filter>Header Files</Filter>
    </QtMoc>
    <QtMoc Include="CodingConversion\include\viewDelegate\CandidateFileDelegate.h">
      <Filter>Header Files</Filter>
    </QtMoc>
    <QtMoc Include="CodingConversion\include\SignalController.h">
      <Filter>Header Files</Filter>
    </QtMoc>
    <QtMoc Include="CodingConversion\include\custom\CustomTooltipsMessage.h">
      <Filter>Header Files</Filter>
    </QtMoc>
    <QtMoc Include="CodingConversion\include\view\CandidateTableView.h">
      <Filter>Header Files</Filter>
    </QtMoc>
    <QtMoc Include="CodingConversion\include\viewModel\CandidateTableModel.h">
      <Filter>Header Files</Filter>
    </QtMoc>
    <QtMoc Include="CodingConversion\include\candidate\CandidateSatusBar.h">
      <Filter>Header Files</Filter>
    </QtMoc>
    <QtMoc Include="CodingConversion\include\custom\CustomDialog.h">
      <Filter>Header Files</Filter>
    </QtMoc>
    <QtMoc Include="CodingConversion\include\custom\CustomMessageBox.h">
      <Filter>Header Files</Filter>
    </QtMoc>
    <QtMoc Include="CodingConversion\include\dialog\AboutDialog.h">
      <Filter>Header Files</Filter>
    </QtMoc>
    <QtMoc Include="CodingConversion\include\candidate\FilterEditWidget.h">
      <Filter>Header Files</Filter>
    </QtMoc>
    <QtMoc Include="CodingConversion\include\processing\ProcessingStatusWidget.h">
      <Filter>Header Files</Filter>
    </QtMoc>
    <QtMoc Include="CodingConversion\include\processing\ProcessingToolMenu.h">
      <Filter>Header Files</Filter>
    </QtMoc>
    <QtMoc Include="CodingConversion\include\view\FilterEditView.h">
      <Filter>Header Files</Filter>
    </QtMoc>
    <QtMoc Include="CodingConversion\include\viewDelegate\FilterTableViewDelegate.h">
      <Filter>Header Files</Filter>
    </QtMoc>
    <QtMoc Include="CodingConversion\include\viewModel\FilterEditTableModel.h">
      <Filter>Header Files</Filter>
    </QtMoc>
    <QtMoc Include="CodingConversion\include\view\ProcessingView.h">
      <Filter>Header Files</Filter>
    </QtMoc>
    <QtMoc Include="CodingConversion\include\viewDelegate\ProcessingViewDelegate.h">
      <Filter>Header Files</Filter>
    </QtMoc>
    <QtMoc Include="CodingConversion\include\viewModel\ProcessingModel.h">
      <Filter>Header Files</Filter>
    </QtMoc>
    <QtMoc Include="CodingConversion\include\charDetect\CharDetect.h">
      <Filter>Header Files</Filter>
    </QtMoc>
  </ItemGroup>
  <ItemGroup>
    <ClInclude Include="CodingConversion\include\CharGlobal.h">
      <Filter>Header Files</Filter>
    </ClInclude>
    <ClInclude Include="3rd_party\include\uchardet\uchardet.h">
      <Filter>Header Files</Filter>
    </ClInclude>
  </ItemGroup>
  <ItemGroup>
    <ClCompile Include="CodingConversion\src\candidate\CandidateFilterWidget.cpp">
      <Filter>Source Files</Filter>
    </ClCompile>
    <ClCompile Include="CodingConversion\src\candidate\CandidateToolWidget.cpp">
      <Filter>Source Files</Filter>
    </ClCompile>
    <ClCompile Include="CodingConversion\src\charDetect\CharDetect.cpp">
      <Filter>Source Files</Filter>
    </ClCompile>
    <ClCompile Include="CodingConversion\src\custom\CustomTitleBar.cpp">
      <Filter>Source Files</Filter>
    </ClCompile>
    <ClCompile Include="CodingConversion\src\custom\CustomWidget.cpp">
      <Filter>Source Files</Filter>
    </ClCompile>
    <ClCompile Include="CodingConversion\src\mainWindow\CandidateWidget.cpp">
      <Filter>Source Files</Filter>
    </ClCompile>
    <ClCompile Include="CodingConversion\src\mainWindow\MainWindow.cpp">
      <Filter>Source Files</Filter>
    </ClCompile>
    <ClCompile Include="CodingConversion\src\mainWindow\ProcessingWidget.cpp">
      <Filter>Source Files</Filter>
    </ClCompile>
    <ClCompile Include="CodingConversion\src\viewDelegate\CandidateFileDelegate.cpp">
      <Filter>Source Files</Filter>
    </ClCompile>
    <ClCompile Include="CodingConversion\src\main.cpp">
      <Filter>Source Files</Filter>
    </ClCompile>
    <ClCompile Include="CodingConversion\src\SignalController.cpp">
      <Filter>Source Files</Filter>
    </ClCompile>
    <ClCompile Include="CodingConversion\src\custom\CustomTooltipsMessage.cpp">
      <Filter>Source Files</Filter>
    </ClCompile>
    <ClCompile Include="CodingConversion\src\view\CandidateTableView.cpp">
      <Filter>Source Files</Filter>
    </ClCompile>
    <ClCompile Include="CodingConversion\src\viewModel\CandidateTableModel.cpp">
      <Filter>Source Files</Filter>
    </ClCompile>
    <ClCompile Include="CodingConversion\src\candidate\CandidateSatusBar.cpp">
      <Filter>Source Files</Filter>
    </ClCompile>
    <ClCompile Include="CodingConversion\src\dialog\AboutDialog.cpp">
      <Filter>Source Files</Filter>
    </ClCompile>
    <ClCompile Include="CodingConversion\src\custom\CustomMessageBox.cpp">
      <Filter>Source Files</Filter>
    </ClCompile>
    <ClCompile Include="CodingConversion\src\custom\CustomDialog.cpp">
      <Filter>Source Files</Filter>
    </ClCompile>
    <ClCompile Include="CodingConversion\src\candidate\FilterEditWidget.cpp">
      <Filter>Source Files</Filter>
    </ClCompile>
    <ClCompile Include="CodingConversion\src\processing\ProcessingStatusWidget.cpp">
      <Filter>Source Files</Filter>
    </ClCompile>
    <ClCompile Include="CodingConversion\src\processing\ProcessingToolMenu.cpp">
      <Filter>Source Files</Filter>
    </ClCompile>
    <ClCompile Include="CodingConversion\src\view\FilterEditView.cpp">
      <Filter>Source Files</Filter>
    </ClCompile>
    <ClCompile Include="CodingConversion\src\viewDelegate\FilterTableViewDelegate.cpp">
      <Filter>Source Files</Filter>
    </ClCompile>
    <ClCompile Include="CodingConversion\src\viewModel\FilterEditTableModel.cpp">
      <Filter>Source Files</Filter>
    </ClCompile>
    <ClCompile Include="CodingConversion\src\view\ProcessingView.cpp">
      <Filter>Source Files</Filter>
    </ClCompile>
    <ClCompile Include="CodingConversion\src\viewDelegate\ProcessingViewDelegate.cpp">
      <Filter>Source Files</Filter>
    </ClCompile>
    <ClCompile Include="CodingConversion\src\viewModel\ProcessingModel.cpp">
      <Filter>Source Files</Filter>
    </ClCompile>
  </ItemGroup>
  <ItemGroup>
    <Image Include="Resources\BlueTheme\images\close_red.png" />
    <Image Include="Resources\BlueTheme\images\close_white.png" />
    <Image Include="Resources\BlueTheme\images\close_black.png" />
    <Image Include="Resources\BlueTheme\images\down_arrow.png" />
    <Image Include="Resources\BlueTheme\images\down_arrow_gray.png" />
    <Image Include="Resources\BlueTheme\images\file_type_icon.png" />
    <Image Include="Resources\BlueTheme\images\folder_type_icon.png" />
    <Image Include="Resources\BlueTheme\images\hamburg.png" />
    <Image Include="Resources\BlueTheme\images\list_add.png" />
    <Image Include="Resources\BlueTheme\images\list_add_gray.png" />
    <Image Include="Resources\BlueTheme\images\list_del.png" />
    <Image Include="Resources\BlueTheme\images\list_del_gray.png" />
    <Image Include="Resources\BlueTheme\images\logo.png" />
    <Image Include="Resources\BlueTheme\images\max.png" />
    <Image Include="Resources\BlueTheme\images\mini.png" />
    <Image Include="Resources\BlueTheme\images\normal.png" />
    <Image Include="Resources\BlueTheme\images\settings_20px.png" />
    <Image Include="Resources\BlueTheme\images\up_arrow.png" />
    <Image Include="Resources\BlueTheme\images\up_arrow_gray.png" />
    <Image Include="Resources\BlueTheme\images\x.png" />
    <Image Include="Resources\BlueTheme\images\check-black.png" />
    <Image Include="Resources\BlueTheme\images\check-white.png" />
    <Image Include="Resources\BlueTheme\images\error.png" />
    <Image Include="Resources\BlueTheme\images\information.png" />
    <Image Include="Resources\BlueTheme\images\inquiry.png" />
    <Image Include="Resources\BlueTheme\images\message.png" />
    <Image Include="Resources\BlueTheme\images\success.png" />
    <Image Include="Resources\BlueTheme\images\warning.png" />
    <Image Include="Resources\BlueTheme\images\max_white.png" />
    <Image Include="Resources\BlueTheme\images\mini_white.png" />
    <Image Include="Resources\BlueTheme\images\normal_white.png" />
    <Image Include="Resources\BlueTheme\images\x_white.png" />
    <Image Include="Resources\BlueTheme\images\add.png" />
    <Image Include="Resources\BlueTheme\images\add_sub.png" />
    <Image Include="Resources\BlueTheme\images\left_indicator_blue.png" />
    <Image Include="Resources\BlueTheme\images\left_indicator_gray.png" />
    <Image Include="Resources\BlueTheme\images\right_indicator_blue.png" />
    <Image Include="Resources\BlueTheme\images\right_indicator_gray.png" />
    <Image Include="Resources\BlueTheme\images\sub.png" />
    <Image Include="Resources\BlueTheme\images\start_disabled.png" />
    <Image Include="Resources\BlueTheme\images\start_enabled.png" />
    <Image Include="Resources\BlueTheme\images\stop_disabled.png" />
    <Image Include="Resources\BlueTheme\images\stop_enabled.png" />
    <Image Include="Resources\BlueTheme\images\suspend_disabled.png" />
    <Image Include="Resources\BlueTheme\images\suspend_enabled.png" />
    <Image Include="Resources\BlueTheme\images\test_disabled.png" />
    <Image Include="Resources\BlueTheme\images\test_enabled.png" />
  </ItemGroup>
  <ItemGroup>
    <None Include="Resources\BlueTheme\qss\CandidateWidget.qss" />
    <None Include="Resources\BlueTheme\qss\MainWidget.qss" />
    <None Include="Resources\BlueTheme\qss\ProcessingWidget.qss" />
    <None Include="Resources\BlueTheme\qss\CustomTooltipsMessage.qss" />
    <None Include="Resources\BlueTheme\qss\CustomMessageBox.qss" />
    <None Include="Resources\BlueTheme\qss\AboutDialog.qss" />
    <None Include="Resources\BlueTheme\qss\FilterEditWidget.qss" />
  </ItemGroup>
  <ItemGroup>
    <QtRcc Include="Resources\BlueTheme\BlueTheme.qrc">
      <Filter>Resource Files</Filter>
    </QtRcc>
  </ItemGroup>
</Project>